schema: '2.0'
stages:
  raw_data:
    cmd: python -c "print('raw data tracked')"
    outs:
    - path: data/raw
      hash: md5
      md5: adb08df3fc7a40ff5fb3170fec41de66.dir
      size: 156435299
      nfiles: 1
  prepare_data:
    cmd: python mlops/dataset.py --test-size 0.2 --random-state 42
    deps:
    - path: data/raw/dataset
      hash: md5
      md5: d7d4434708894b1d786706505defd2fe
      size: 156435299
    - path: mlops/dataset.py
      hash: md5
      md5: 4af88f0f8f0a415ac60eb5d337a33aad
      size: 1312
    outs:
    - path: data/processed/test.csv
      hash: md5
      md5: bee05ad3e3a78f6736b69aa3ed0983d1
      size: 31171613
    - path: data/processed/train.csv
      hash: md5
      md5: 4e91f876f5b0f5dbf9570b47bb7ed157
      size: 124692428
  featurize:
    cmd: python mlops/features.py
    deps:
    - path: data/processed/test.csv
      hash: md5
      md5: bee05ad3e3a78f6736b69aa3ed0983d1
      size: 31171613
    - path: data/processed/train.csv
      hash: md5
      md5: 4e91f876f5b0f5dbf9570b47bb7ed157
      size: 124692428
    - path: mlops/features.py
      hash: md5
      md5: 906d6b83e859efba82e6a63cb4319371
      size: 2310
    outs:
    - path: data/processed/test_featured.csv
      hash: md5
      md5: bee3e233e5b41376b8d40a9f19bb64c1
      size: 32086228
    - path: data/processed/train_featured.csv
      hash: md5
      md5: 51d7a6fb8c3bfd0f5c1d7c5e412662ff
      size: 128345335
    - path: models/scaler.pkl
      hash: md5
      md5: 229835b01a2509116e569398287e350d
      size: 983
  train:
    cmd: python mlops/modeling/train.py --n-estimators 100 --random-state 42
    deps:
    - path: data/processed/test_featured.csv
      hash: md5
      md5: bee3e233e5b41376b8d40a9f19bb64c1
      size: 32086228
    - path: data/processed/train_featured.csv
      hash: md5
      md5: 51d7a6fb8c3bfd0f5c1d7c5e412662ff
      size: 128345335
    - path: mlops/modeling/train.py
      hash: md5
      md5: 78ebc7806035f3dafaa6802402a22e45
      size: 2871
    outs:
    - path: models/model.pkl
      hash: md5
      md5: ddaa2adde1b30f984dfc36d2e0717605
      size: 2645737
